<?xml version="1.0" encoding="utf-8"?>
<Project ToolsVersion="4.0" xmlns="http://schemas.microsoft.com/developer/msbuild/2003">
  <ItemGroup>
    <Filter Include="Source Files">
      <UniqueIdentifier>{4FC737F1-C7A5-4376-A066-2A32D752A2FF}</UniqueIdentifier>
      <Extensions>cpp;c;cc;cxx;def;odl;idl;hpj;bat;asm;asmx</Extensions>
    </Filter>
    <Filter Include="Header Files">
      <UniqueIdentifier>{93995380-89BD-4b04-88EB-625FBE52EBFB}</UniqueIdentifier>
      <Extensions>h;hh;hpp;hxx;hm;inl;inc;ipp;xsd</Extensions>
    </Filter>
    <Filter Include="Resource Files">
      <UniqueIdentifier>{67DA6AB6-F800-4c08-8B7A-83BB121AAD01}</UniqueIdentifier>
      <Extensions>rc;ico;cur;bmp;dlg;rc2;rct;bin;rgs;gif;jpg;jpeg;jpe;resx;tiff;tif;png;wav;mfcribbon-ms</Extensions>
    </Filter>
    <Filter Include="Shader Files">
      <UniqueIdentifier>{18cc1ed8-78d5-42db-b726-5ffef519c97a}</UniqueIdentifier>
    </Filter>
  </ItemGroup>
  <ItemGroup>
    <ClCompile Include="Source Files\MainApplication.cpp">
      <Filter>Source Files</Filter>
    </ClCompile>
    <ClCompile Include="Source Files\stdafx.cpp">
      <Filter>Source Files</Filter>
    </ClCompile>
    <ClCompile Include="Source Files\CGameApp.cpp">
      <Filter>Source Files</Filter>
    </ClCompile>
    <ClCompile Include="Source Files\CFramework.cpp">
      <Filter>Source Files</Filter>
    </ClCompile>
    <ClCompile Include="Source Files\CGraphics.cpp">
      <Filter>Source Files</Filter>
    </ClCompile>
    <ClCompile Include="Source Files\CWorldTransform.cpp">
      <Filter>Source Files</Filter>
    </ClCompile>
    <ClCompile Include="Source Files\CTimer.cpp">
      <Filter>Source Files</Filter>
    </ClCompile>
    <ClCompile Include="Source Files\CFont.cpp">
      <Filter>Source Files</Filter>
    </ClCompile>
    <ClCompile Include="Source Files\CMesh.cpp">
      <Filter>Source Files</Filter>
    </ClCompile>
    <ClCompile Include="Source Files\CInput.cpp">
      <Filter>Source Files</Filter>
    </ClCompile>
    <ClCompile Include="Source Files\CCamera.cpp">
      <Filter>Source Files</Filter>
    </ClCompile>
  </ItemGroup>
  <ItemGroup>
    <ClInclude Include="Header Files\stdafx.h">
      <Filter>Header Files</Filter>
    </ClInclude>
    <ClInclude Include="Header Files\resource.h">
      <Filter>Header Files</Filter>
    </ClInclude>
    <ClInclude Include="Header Files\CGameApp.h">
      <Filter>Header Files</Filter>
    </ClInclude>
    <ClInclude Include="Header Files\CBaseApp.h">
      <Filter>Header Files</Filter>
    </ClInclude>
    <ClInclude Include="Header Files\CFramework.h">
      <Filter>Header Files</Filter>
    </ClInclude>
    <ClInclude Include="Header Files\CGraphics.h">
      <Filter>Header Files</Filter>
    </ClInclude>
    <ClInclude Include="Header Files\targetver.h">
      <Filter>Header Files</Filter>
    </ClInclude>
    <ClInclude Include="Header Files\CWorldTransform.h">
      <Filter>Header Files</Filter>
    </ClInclude>
    <ClInclude Include="Header Files\CTimer.h">
      <Filter>Header Files</Filter>
    </ClInclude>
    <ClInclude Include="Header Files\CFont.h">
      <Filter>Header Files</Filter>
    </ClInclude>
    <ClInclude Include="Header Files\CMesh.h">
      <Filter>Header Files</Filter>
    </ClInclude>
    <ClInclude Include="Header Files\CInput.h">
      <Filter>Header Files</Filter>
    </ClInclude>
    <ClInclude Include="Header Files\CCamera.h">
      <Filter>Header Files</Filter>
    </ClInclude>
    <ClInclude Include="Header Files\GlobalStructAndFunction.h">
      <Filter>Header Files</Filter>
    </ClInclude>
  </ItemGroup>
  <ItemGroup>
    <Image Include="Resource Files\Binuzian Re-Fresh!.ico">
      <Filter>Resource Files</Filter>
    </Image>
    <Image Include="Resource Files\Icon.ico">
      <Filter>Resource Files</Filter>
    </Image>
  </ItemGroup>
  <ItemGroup>
    <ResourceCompile Include="Binuzian Re-Fresh!.rc">
      <Filter>Resource Files</Filter>
    </ResourceCompile>
  </ItemGroup>
  <ItemGroup>
    <None Include="Resource Files\Mouse.ani">
      <Filter>Resource Files</Filter>
    </None>
  </ItemGroup>
</Project>